{
  "name": "aigateway-installer",
  "version": "0.1.1",
  "lockfileVersion": 3,
  "requires": true,
  "packages": {
    "": {
      "name": "aigateway-installer",
      "version": "0.1.1",
      "license": "MIT",
      "bin": {
        "aigateway-install": "bin/aigateway-install.js"
      },
      "engines": {
        "node": ">=18"
      }
    }
  }
}
